
Microsoft Visual Studio Solution File, Format Version 12.00
# Visual Studio Version 16
VisualStudioVersion = 16.0.31205.134
MinimumVisualStudioVersion = 10.0.40219.1
Project("{9A19103F-16F7-4668-BE54-9A1E7A4F7556}") = "Blog.Data", "Blog.Traditional\Blog.Data\Blog.Data.csproj", "{C275C678-4E5F-4E9F-8B7F-8D5ED7AAF71A}"
EndProject
Project("{9A19103F-16F7-4668-BE54-9A1E7A4F7556}") = "Blog.Services", "Blog.Traditional\Blog.Services\Blog.Services.csproj", "{87AAC2D0-6ADD-45BD-B417-6371E892D3E8}"
EndProject
Project("{9A19103F-16F7-4668-BE54-9A1E7A4F7556}") = "Blog.Controllers", "Blog.Traditional\Blog.Controllers\Blog.Controllers.csproj", "{6CA6ECA3-C99B-4EC1-8415-53CD77F38D47}"
EndProject
Project("{9A19103F-16F7-4668-BE54-9A1E7A4F7556}") = "Blog.Web", "Blog.Traditional\Blog.Web\Blog.Web.csproj", "{9CDA9166-0055-49A4-89F9-D418F6EB05B8}"
EndProject
Project("{9A19103F-16F7-4668-BE54-9A1E7A4F7556}") = "Blog.Test", "Blog.Traditional\Blog.Test\Blog.Test.csproj", "{0C5637A4-6537-4758-93FE-9AEE5B108BDD}"
EndProject
Project("{2150E333-8FDC-42A3-9474-1A3956D46DE8}") = "Traditional", "Traditional", "{E1F8A782-8C98-42E2-86B3-CA1BB303B398}"
EndProject
Project("{9A19103F-16F7-4668-BE54-9A1E7A4F7556}") = "Blog.Data", "Blog.Functional\Blog.Data\Blog.Data.csproj", "{711850AC-46D1-4269-AA47-9F8A1471632A}"
EndProject
Project("{9A19103F-16F7-4668-BE54-9A1E7A4F7556}") = "Blog.Services", "Blog.Functional\Blog.Services\Blog.Services.csproj", "{0A547F2D-4935-4CC9-8BB5-7E27FD9A44AD}"
EndProject
Project("{9A19103F-16F7-4668-BE54-9A1E7A4F7556}") = "Blog.Controllers", "Blog.Functional\Blog.Controllers\Blog.Controllers.csproj", "{0AC8340A-35CA-45EB-A3AF-D29E6C001379}"
EndProject
Project("{9A19103F-16F7-4668-BE54-9A1E7A4F7556}") = "Blog.Web", "Blog.Functional\Blog.Web\Blog.Web.csproj", "{F199B01F-280E-49D7-8419-2AF6D32505DF}"
EndProject
Project("{9A19103F-16F7-4668-BE54-9A1E7A4F7556}") = "Blog.Test", "Blog.Functional\Blog.Test\Blog.Test.csproj", "{3065D171-F80A-40DC-A6D3-7980BE14DC32}"
EndProject
Project("{2150E333-8FDC-42A3-9474-1A3956D46DE8}") = "Functional", "Functional", "{BCE3B524-FB37-49BD-98CC-B98CB2719E45}"
EndProject
Global
	GlobalSection(SolutionConfigurationPlatforms) = preSolution
		Debug|Any CPU = Debug|Any CPU
		Release|Any CPU = Release|Any CPU
	EndGlobalSection
	GlobalSection(ProjectConfigurationPlatforms) = postSolution
		{C275C678-4E5F-4E9F-8B7F-8D5ED7AAF71A}.Debug|Any CPU.ActiveCfg = Debug|Any CPU
		{C275C678-4E5F-4E9F-8B7F-8D5ED7AAF71A}.Debug|Any CPU.Build.0 = Debug|Any CPU
		{C275C678-4E5F-4E9F-8B7F-8D5ED7AAF71A}.Release|Any CPU.ActiveCfg = Release|Any CPU
		{C275C678-4E5F-4E9F-8B7F-8D5ED7AAF71A}.Release|Any CPU.Build.0 = Release|Any CPU
		{87AAC2D0-6ADD-45BD-B417-6371E892D3E8}.Debug|Any CPU.ActiveCfg = Debug|Any CPU
		{87AAC2D0-6ADD-45BD-B417-6371E892D3E8}.Debug|Any CPU.Build.0 = Debug|Any CPU
		{87AAC2D0-6ADD-45BD-B417-6371E892D3E8}.Release|Any CPU.ActiveCfg = Release|Any CPU
		{87AAC2D0-6ADD-45BD-B417-6371E892D3E8}.Release|Any CPU.Build.0 = Release|Any CPU
		{6CA6ECA3-C99B-4EC1-8415-53CD77F38D47}.Debug|Any CPU.ActiveCfg = Debug|Any CPU
		{6CA6ECA3-C99B-4EC1-8415-53CD77F38D47}.Debug|Any CPU.Build.0 = Debug|Any CPU
		{6CA6ECA3-C99B-4EC1-8415-53CD77F38D47}.Release|Any CPU.ActiveCfg = Release|Any CPU
		{6CA6ECA3-C99B-4EC1-8415-53CD77F38D47}.Release|Any CPU.Build.0 = Release|Any CPU
		{9CDA9166-0055-49A4-89F9-D418F6EB05B8}.Debug|Any CPU.ActiveCfg = Debug|Any CPU
		{9CDA9166-0055-49A4-89F9-D418F6EB05B8}.Debug|Any CPU.Build.0 = Debug|Any CPU
		{9CDA9166-0055-49A4-89F9-D418F6EB05B8}.Release|Any CPU.ActiveCfg = Release|Any CPU
		{9CDA9166-0055-49A4-89F9-D418F6EB05B8}.Release|Any CPU.Build.0 = Release|Any CPU
		{0C5637A4-6537-4758-93FE-9AEE5B108BDD}.Debug|Any CPU.ActiveCfg = Debug|Any CPU
		{0C5637A4-6537-4758-93FE-9AEE5B108BDD}.Debug|Any CPU.Build.0 = Debug|Any CPU
		{0C5637A4-6537-4758-93FE-9AEE5B108BDD}.Release|Any CPU.ActiveCfg = Release|Any CPU
		{0C5637A4-6537-4758-93FE-9AEE5B108BDD}.Release|Any CPU.Build.0 = Release|Any CPU
		{711850AC-46D1-4269-AA47-9F8A1471632A}.Debug|Any CPU.ActiveCfg = Debug|Any CPU
		{711850AC-46D1-4269-AA47-9F8A1471632A}.Debug|Any CPU.Build.0 = Debug|Any CPU
		{711850AC-46D1-4269-AA47-9F8A1471632A}.Release|Any CPU.ActiveCfg = Release|Any CPU
		{711850AC-46D1-4269-AA47-9F8A1471632A}.Release|Any CPU.Build.0 = Release|Any CPU
		{0A547F2D-4935-4CC9-8BB5-7E27FD9A44AD}.Debug|Any CPU.ActiveCfg = Debug|Any CPU
		{0A547F2D-4935-4CC9-8BB5-7E27FD9A44AD}.Debug|Any CPU.Build.0 = Debug|Any CPU
		{0A547F2D-4935-4CC9-8BB5-7E27FD9A44AD}.Release|Any CPU.ActiveCfg = Release|Any CPU
		{0A547F2D-4935-4CC9-8BB5-7E27FD9A44AD}.Release|Any CPU.Build.0 = Release|Any CPU
		{0AC8340A-35CA-45EB-A3AF-D29E6C001379}.Debug|Any CPU.ActiveCfg = Debug|Any CPU
		{0AC8340A-35CA-45EB-A3AF-D29E6C001379}.Debug|Any CPU.Build.0 = Debug|Any CPU
		{0AC8340A-35CA-45EB-A3AF-D29E6C001379}.Release|Any CPU.ActiveCfg = Release|Any CPU
		{0AC8340A-35CA-45EB-A3AF-D29E6C001379}.Release|Any CPU.Build.0 = Release|Any CPU
		{F199B01F-280E-49D7-8419-2AF6D32505DF}.Debug|Any CPU.ActiveCfg = Debug|Any CPU
		{F199B01F-280E-49D7-8419-2AF6D32505DF}.Debug|Any CPU.Build.0 = Debug|Any CPU
		{F199B01F-280E-49D7-8419-2AF6D32505DF}.Release|Any CPU.ActiveCfg = Release|Any CPU
		{F199B01F-280E-49D7-8419-2AF6D32505DF}.Release|Any CPU.Build.0 = Release|Any CPU
		{3065D171-F80A-40DC-A6D3-7980BE14DC32}.Debug|Any CPU.ActiveCfg = Debug|Any CPU
		{3065D171-F80A-40DC-A6D3-7980BE14DC32}.Debug|Any CPU.Build.0 = Debug|Any CPU
		{3065D171-F80A-40DC-A6D3-7980BE14DC32}.Release|Any CPU.ActiveCfg = Release|Any CPU
		{3065D171-F80A-40DC-A6D3-7980BE14DC32}.Release|Any CPU.Build.0 = Release|Any CPU
	EndGlobalSection
	GlobalSection(SolutionProperties) = preSolution
		HideSolutionNode = FALSE
	EndGlobalSection
	GlobalSection(NestedProjects) = preSolution
		{C275C678-4E5F-4E9F-8B7F-8D5ED7AAF71A} = {E1F8A782-8C98-42E2-86B3-CA1BB303B398}
		{87AAC2D0-6ADD-45BD-B417-6371E892D3E8} = {E1F8A782-8C98-42E2-86B3-CA1BB303B398}
		{6CA6ECA3-C99B-4EC1-8415-53CD77F38D47} = {E1F8A782-8C98-42E2-86B3-CA1BB303B398}
		{9CDA9166-0055-49A4-89F9-D418F6EB05B8} = {E1F8A782-8C98-42E2-86B3-CA1BB303B398}
		{0C5637A4-6537-4758-93FE-9AEE5B108BDD} = {E1F8A782-8C98-42E2-86B3-CA1BB303B398}
		{711850AC-46D1-4269-AA47-9F8A1471632A} = {BCE3B524-FB37-49BD-98CC-B98CB2719E45}
		{0A547F2D-4935-4CC9-8BB5-7E27FD9A44AD} = {BCE3B524-FB37-49BD-98CC-B98CB2719E45}
		{0AC8340A-35CA-45EB-A3AF-D29E6C001379} = {BCE3B524-FB37-49BD-98CC-B98CB2719E45}
		{F199B01F-280E-49D7-8419-2AF6D32505DF} = {BCE3B524-FB37-49BD-98CC-B98CB2719E45}
		{3065D171-F80A-40DC-A6D3-7980BE14DC32} = {BCE3B524-FB37-49BD-98CC-B98CB2719E45}
	EndGlobalSection
	GlobalSection(ExtensibilityGlobals) = postSolution
		SolutionGuid = {B139F34D-18D4-4D93-838D-09855230ED4F}
	EndGlobalSection
EndGlobal
