
Microsoft Visual Studio Solution File, Format Version 12.00
# Visual Studio Version 16
VisualStudioVersion = 16.0.30309.148
MinimumVisualStudioVersion = 10.0.40219.1
Project("{9A19103F-16F7-4668-BE54-9A1E7A4F7556}") = "1. Concepts", "Examples\1. Concepts.csproj", "{BD917A4E-C7A6-4C2A-A771-9664A7B15015}"
EndProject
Project("{FAE04EC0-301F-11D3-BF4B-00C04F79EFBC}") = "2. Techniques", "Techniques\2. Techniques.csproj", "{76BB3A90-66A3-4E9F-8975-9EB7AB829045}"
EndProject
Project("{FAE04EC0-301F-11D3-BF4B-00C04F79EFBC}") = "3. Abstractions", "Abstractions\3. Abstractions.csproj", "{5F9B0133-2C0C-4AA1-902A-88B024121F81}"
EndProject
Global
	GlobalSection(SolutionConfigurationPlatforms) = preSolution
		Debug|Any CPU = Debug|Any CPU
		Release|Any CPU = Release|Any CPU
	EndGlobalSection
	GlobalSection(ProjectConfigurationPlatforms) = postSolution
		{BD917A4E-C7A6-4C2A-A771-9664A7B15015}.Debug|Any CPU.ActiveCfg = Debug|Any CPU
		{BD917A4E-C7A6-4C2A-A771-9664A7B15015}.Debug|Any CPU.Build.0 = Debug|Any CPU
		{BD917A4E-C7A6-4C2A-A771-9664A7B15015}.Release|Any CPU.ActiveCfg = Release|Any CPU
		{BD917A4E-C7A6-4C2A-A771-9664A7B15015}.Release|Any CPU.Build.0 = Release|Any CPU
		{76BB3A90-66A3-4E9F-8975-9EB7AB829045}.Debug|Any CPU.ActiveCfg = Debug|Any CPU
		{76BB3A90-66A3-4E9F-8975-9EB7AB829045}.Debug|Any CPU.Build.0 = Debug|Any CPU
		{76BB3A90-66A3-4E9F-8975-9EB7AB829045}.Release|Any CPU.ActiveCfg = Release|Any CPU
		{76BB3A90-66A3-4E9F-8975-9EB7AB829045}.Release|Any CPU.Build.0 = Release|Any CPU
		{5F9B0133-2C0C-4AA1-902A-88B024121F81}.Debug|Any CPU.ActiveCfg = Debug|Any CPU
		{5F9B0133-2C0C-4AA1-902A-88B024121F81}.Debug|Any CPU.Build.0 = Debug|Any CPU
		{5F9B0133-2C0C-4AA1-902A-88B024121F81}.Release|Any CPU.ActiveCfg = Release|Any CPU
		{5F9B0133-2C0C-4AA1-902A-88B024121F81}.Release|Any CPU.Build.0 = Release|Any CPU
	EndGlobalSection
	GlobalSection(SolutionProperties) = preSolution
		HideSolutionNode = FALSE
	EndGlobalSection
	GlobalSection(ExtensibilityGlobals) = postSolution
		SolutionGuid = {352CD832-F30F-44C7-A561-36B7C9FBE6EA}
	EndGlobalSection
EndGlobal
